
Microsoft Visual Studio Solution File, Format Version 12.00
# Visual Studio Version 17
VisualStudioVersion = 17.3.32901.215
MinimumVisualStudioVersion = 10.0.40219.1
Project("{FAE04EC0-301F-11D3-BF4B-00C04F79EFBC}") = "Single_linked_list", "Single_linked_list\Single_linked_list.csproj", "{2014AE8F-20E6-4A77-AFF2-9DCAE044A9E3}"
EndProject
Global
	GlobalSection(SolutionConfigurationPlatforms) = preSolution
		Debug|Any CPU = Debug|Any CPU
		Release|Any CPU = Release|Any CPU
	EndGlobalSection
	GlobalSection(ProjectConfigurationPlatforms) = postSolution
		{2014AE8F-20E6-4A77-AFF2-9DCAE044A9E3}.Debug|Any CPU.ActiveCfg = Debug|Any CPU
		{2014AE8F-20E6-4A77-AFF2-9DCAE044A9E3}.Debug|Any CPU.Build.0 = Debug|Any CPU
		{2014AE8F-20E6-4A77-AFF2-9DCAE044A9E3}.Release|Any CPU.ActiveCfg = Release|Any CPU
		{2014AE8F-20E6-4A77-AFF2-9DCAE044A9E3}.Release|Any CPU.Build.0 = Release|Any CPU
	EndGlobalSection
	GlobalSection(SolutionProperties) = preSolution
		HideSolutionNode = FALSE
	EndGlobalSection
	GlobalSection(ExtensibilityGlobals) = postSolution
		SolutionGuid = {F1C26249-BAD8-4882-A7DD-024B3F61BF64}
	EndGlobalSection
EndGlobal
